
Microsoft Visual Studio Solution File, Format Version 12.00
# Visual Studio Version 16
VisualStudioVersion = 16.0.30406.217
MinimumVisualStudioVersion = 10.0.40219.1
Project("{9A19103F-16F7-4668-BE54-9A1E7A4F7556}") = "ConveyorSystem", "MS6\ConveyorSystem.csproj", "{6EBC2B12-FDF5-424D-937A-B13224D06D9B}"
EndProject
Project("{FAE04EC0-301F-11D3-BF4B-00C04F79EFBC}") = "MS7", "MS7\MS7.csproj", "{F708A965-569E-4B77-8A57-6301F4FDAE5D}"
EndProject
Global
	GlobalSection(SolutionConfigurationPlatforms) = preSolution
		Debug|Any CPU = Debug|Any CPU
		Release|Any CPU = Release|Any CPU
	EndGlobalSection
	GlobalSection(ProjectConfigurationPlatforms) = postSolution
		{6EBC2B12-FDF5-424D-937A-B13224D06D9B}.Debug|Any CPU.ActiveCfg = Debug|Any CPU
		{6EBC2B12-FDF5-424D-937A-B13224D06D9B}.Debug|Any CPU.Build.0 = Debug|Any CPU
		{6EBC2B12-FDF5-424D-937A-B13224D06D9B}.Release|Any CPU.ActiveCfg = Release|Any CPU
		{6EBC2B12-FDF5-424D-937A-B13224D06D9B}.Release|Any CPU.Build.0 = Release|Any CPU
		{F708A965-569E-4B77-8A57-6301F4FDAE5D}.Debug|Any CPU.ActiveCfg = Debug|Any CPU
		{F708A965-569E-4B77-8A57-6301F4FDAE5D}.Debug|Any CPU.Build.0 = Debug|Any CPU
		{F708A965-569E-4B77-8A57-6301F4FDAE5D}.Release|Any CPU.ActiveCfg = Release|Any CPU
		{F708A965-569E-4B77-8A57-6301F4FDAE5D}.Release|Any CPU.Build.0 = Release|Any CPU
	EndGlobalSection
	GlobalSection(SolutionProperties) = preSolution
		HideSolutionNode = FALSE
	EndGlobalSection
	GlobalSection(ExtensibilityGlobals) = postSolution
		SolutionGuid = {686F7391-EBF7-4DAC-AEA9-B8D006C9C5D2}
	EndGlobalSection
EndGlobal
